<?xml version="1.0" encoding="utf-8"?>
<Project ToolsVersion="4.0" xmlns="http://schemas.microsoft.com/developer/msbuild/2003">
  <ItemGroup>
    <Filter Include="Header">
      <UniqueIdentifier>{67cf1606-9087-4e89-b659-30e02b8b5e6f}</UniqueIdentifier>
    </Filter>
    <Filter Include="source">
      <UniqueIdentifier>{15615354-ec83-4bf6-93ee-d0170ad856c5}</UniqueIdentifier>
    </Filter>
  </ItemGroup>
  <ItemGroup>
    <None Include="..\Makefile" />
  </ItemGroup>
  <ItemGroup>
    <ClInclude Include="..\RecStrip.h">
      <Filter>Header</Filter>
    </ClInclude>
    <ClInclude Include="..\NavProcessor.h">
      <Filter>Header</Filter>
    </ClInclude>
    <ClInclude Include="..\InfProcessor.h">
      <Filter>Header</Filter>
    </ClInclude>
    <ClInclude Include="..\CutProcessor.h">
      <Filter>Header</Filter>
    </ClInclude>
    <ClInclude Include="..\NALUDump.h">
      <Filter>Header</Filter>
    </ClInclude>
    <ClInclude Include="..\RebuildInf.h">
      <Filter>Header</Filter>
    </ClInclude>
    <ClInclude Include="..\type.h">
      <Filter>Header</Filter>
    </ClInclude>
    <ClInclude Include="..\RecHeader.h">
      <Filter>Header</Filter>
    </ClInclude>
    <ClInclude Include="..\HumaxHeader.h">
      <Filter>Header</Filter>
    </ClInclude>
    <ClInclude Include="..\PESProcessor.h">
      <Filter>Header</Filter>
    </ClInclude>
    <ClInclude Include="..\hamming.h">
      <Filter>Header</Filter>
    </ClInclude>
    <ClInclude Include="..\teletext.h">
      <Filter>Header</Filter>
    </ClInclude>
    <ClInclude Include="..\TtxProcessor.h">
      <Filter>Header</Filter>
    </ClInclude>
    <ClInclude Include="..\PESFileLoader.h">
      <Filter>Header</Filter>
    </ClInclude>
    <ClInclude Include="..\EycosHeader.h">
      <Filter>Header</Filter>
    </ClInclude>
    <ClInclude Include="..\H264.h">
      <Filter>Header</Filter>
    </ClInclude>
  </ItemGroup>
  <ItemGroup>
    <ClCompile Include="..\RecStrip.c">
      <Filter>source</Filter>
    </ClCompile>
    <ClCompile Include="..\InfProcessor.c">
      <Filter>source</Filter>
    </ClCompile>
    <ClCompile Include="..\CutProcessor.c">
      <Filter>source</Filter>
    </ClCompile>
    <ClCompile Include="..\NavProcessor.c">
      <Filter>source</Filter>
    </ClCompile>
    <ClCompile Include="..\NALUDump.c">
      <Filter>source</Filter>
    </ClCompile>
    <ClCompile Include="..\RebuildInf.c">
      <Filter>source</Filter>
    </ClCompile>
    <ClCompile Include="..\HumaxImport.c">
      <Filter>source</Filter>
    </ClCompile>
    <ClCompile Include="..\StrToUTF8.c">
      <Filter>source</Filter>
    </ClCompile>
    <ClCompile Include="..\PESProcessor.c">
      <Filter>source</Filter>
    </ClCompile>
    <ClCompile Include="..\TtxProcessor.c">
      <Filter>source</Filter>
    </ClCompile>
    <ClCompile Include="..\PESFileLoader.c">
      <Filter>source</Filter>
    </ClCompile>
    <ClCompile Include="..\EycosImport.c">
      <Filter>source</Filter>
    </ClCompile>
    <ClCompile Include="..\H264.c">
      <Filter>source</Filter>
    </ClCompile>
  </ItemGroup>
</Project>